
Microsoft Visual Studio Solution File, Format Version 12.00
# Visual Studio 14
VisualStudioVersion = 14.0.24720.0
MinimumVisualStudioVersion = 10.0.40219.1
Project("{8BC9CEB8-8B4A-11D0-8D11-00A0C91BC942}") = "util", "code\util\util.vcxproj", "{C72DED4C-E82A-4E26-B7A8-715F4747CCEC}"
EndProject
Project("{8BC9CEB8-8B4A-11D0-8D11-00A0C91BC942}") = "system", "code\system\system.vcxproj", "{02EAB815-4288-477B-A47D-982EB8A15C1F}"
EndProject
Project("{2150E333-8FDC-42A3-9474-1A3956D46DE8}") = "tools", "tools", "{B7E1E07F-7431-4C42-B994-C5B0E3182C80}"
EndProject
Project("{8BC9CEB8-8B4A-11D0-8D11-00A0C91BC942}") = "fx_compiler", "code\tools\fx_compiler\fx_compiler.vcxproj", "{18B49F0B-C441-4267-94E1-1E71E803B040}"
EndProject
Project("{8BC9CEB8-8B4A-11D0-8D11-00A0C91BC942}") = "resource_manager", "code\resource_manager\resource_manager.vcxproj", "{117290A3-4A22-4C58-9AC0-ED1C8EFA49E3}"
EndProject
Project("{2150E333-8FDC-42A3-9474-1A3956D46DE8}") = "shaders", "shaders", "{003D57C0-1648-4695-B5FC-16BDF0A2CBA9}"
EndProject
Project("{8BC9CEB8-8B4A-11D0-8D11-00A0C91BC942}") = "demoRT", "code\demoRT\demoRT.vcxproj", "{90D02E7A-709A-449B-B4E9-647CE45D7F07}"
EndProject
Project("{8BC9CEB8-8B4A-11D0-8D11-00A0C91BC942}") = "lua", "code\tools\lua\lua.vcxproj", "{492E3CD2-C843-46BC-87B3-048B85E35866}"
EndProject
Project("{8BC9CEB8-8B4A-11D0-8D11-00A0C91BC942}") = "remotery", "code\tools\remotery\remotery.vcxproj", "{6A836590-4D80-4A33-947D-702BE7147A02}"
EndProject
Project("{8BC9CEB8-8B4A-11D0-8D11-00A0C91BC942}") = "anim", "code\anim\anim.vcxproj", "{5A1545E2-B111-442D-880C-8C86869270B4}"
EndProject
Project("{8BC9CEB8-8B4A-11D0-8D11-00A0C91BC942}") = "demo_tjdb", "code\demo_tjdb\demo_tjdb.vcxproj", "{753F2519-5524-4CDB-80C9-EF9F6B5AEEFF}"
EndProject
Project("{8BC9CEB8-8B4A-11D0-8D11-00A0C91BC942}") = "demo_chaos", "code\demo_chaos\demo_chaos.vcxproj", "{4E8C69E9-84D0-45B1-BEBD-0D5BF7412255}"
EndProject
Project("{8BC9CEB8-8B4A-11D0-8D11-00A0C91BC942}") = "rdi", "code\rdi\rdi.vcxproj", "{5146D804-4A7F-442F-9085-5ADC06BF9769}"
EndProject
Project("{8BC9CEB8-8B4A-11D0-8D11-00A0C91BC942}") = "shader_compiler", "code\tools\shader_compiler\shader_compiler.vcxproj", "{0EBF648F-CB37-414F-89C5-0D73BCD6ADDE}"
EndProject
Project("{8BC9CEB8-8B4A-11D0-8D11-00A0C91BC942}") = "tool", "code\tools\tool\tool.vcxproj", "{64AD7F4F-6677-49CA-8632-18E89E4DFDF0}"
EndProject
Project("{8BC9CEB8-8B4A-11D0-8D11-00A0C91BC942}") = "shaders", "code\shaders\shaders\shaders.vcxproj", "{B825D183-8D6D-42C7-85A2-B9F0E96C3259}"
EndProject
Project("{2150E333-8FDC-42A3-9474-1A3956D46DE8}") = "demo", "demo", "{4675F3D5-7A5B-4EA0-ACBB-C7E9B0BFA367}"
EndProject
Project("{2150E333-8FDC-42A3-9474-1A3956D46DE8}") = "bx", "bx", "{0478E3A3-2964-4CBA-9E58-3ABF4BE56BB5}"
EndProject
Global
	GlobalSection(SolutionConfigurationPlatforms) = preSolution
		Debug|x64 = Debug|x64
		Debug|x86 = Debug|x86
		DebugTool|x64 = DebugTool|x64
		DebugTool|x86 = DebugTool|x86
		Release|x64 = Release|x64
		Release|x86 = Release|x86
	EndGlobalSection
	GlobalSection(ProjectConfigurationPlatforms) = postSolution
		{C72DED4C-E82A-4E26-B7A8-715F4747CCEC}.Debug|x64.ActiveCfg = Debug|x64
		{C72DED4C-E82A-4E26-B7A8-715F4747CCEC}.Debug|x64.Build.0 = Debug|x64
		{C72DED4C-E82A-4E26-B7A8-715F4747CCEC}.Debug|x86.ActiveCfg = Debug|x64
		{C72DED4C-E82A-4E26-B7A8-715F4747CCEC}.DebugTool|x64.ActiveCfg = Debug|x64
		{C72DED4C-E82A-4E26-B7A8-715F4747CCEC}.DebugTool|x64.Build.0 = Debug|x64
		{C72DED4C-E82A-4E26-B7A8-715F4747CCEC}.DebugTool|x86.ActiveCfg = Release|x64
		{C72DED4C-E82A-4E26-B7A8-715F4747CCEC}.DebugTool|x86.Build.0 = Release|x64
		{C72DED4C-E82A-4E26-B7A8-715F4747CCEC}.Release|x64.ActiveCfg = Release|x64
		{C72DED4C-E82A-4E26-B7A8-715F4747CCEC}.Release|x64.Build.0 = Release|x64
		{C72DED4C-E82A-4E26-B7A8-715F4747CCEC}.Release|x86.ActiveCfg = Release|x64
		{02EAB815-4288-477B-A47D-982EB8A15C1F}.Debug|x64.ActiveCfg = Debug|x64
		{02EAB815-4288-477B-A47D-982EB8A15C1F}.Debug|x64.Build.0 = Debug|x64
		{02EAB815-4288-477B-A47D-982EB8A15C1F}.Debug|x86.ActiveCfg = Debug|x64
		{02EAB815-4288-477B-A47D-982EB8A15C1F}.DebugTool|x64.ActiveCfg = Debug|x64
		{02EAB815-4288-477B-A47D-982EB8A15C1F}.DebugTool|x64.Build.0 = Debug|x64
		{02EAB815-4288-477B-A47D-982EB8A15C1F}.DebugTool|x86.ActiveCfg = Release|x64
		{02EAB815-4288-477B-A47D-982EB8A15C1F}.DebugTool|x86.Build.0 = Release|x64
		{02EAB815-4288-477B-A47D-982EB8A15C1F}.Release|x64.ActiveCfg = Release|x64
		{02EAB815-4288-477B-A47D-982EB8A15C1F}.Release|x64.Build.0 = Release|x64
		{02EAB815-4288-477B-A47D-982EB8A15C1F}.Release|x86.ActiveCfg = Release|x64
		{18B49F0B-C441-4267-94E1-1E71E803B040}.Debug|x64.ActiveCfg = Debug|x64
		{18B49F0B-C441-4267-94E1-1E71E803B040}.Debug|x64.Build.0 = Debug|x64
		{18B49F0B-C441-4267-94E1-1E71E803B040}.Debug|x86.ActiveCfg = Debug|x64
		{18B49F0B-C441-4267-94E1-1E71E803B040}.DebugTool|x64.ActiveCfg = Debug|x64
		{18B49F0B-C441-4267-94E1-1E71E803B040}.DebugTool|x64.Build.0 = Debug|x64
		{18B49F0B-C441-4267-94E1-1E71E803B040}.DebugTool|x86.ActiveCfg = Release|x64
		{18B49F0B-C441-4267-94E1-1E71E803B040}.DebugTool|x86.Build.0 = Release|x64
		{18B49F0B-C441-4267-94E1-1E71E803B040}.Release|x64.ActiveCfg = Release|x64
		{18B49F0B-C441-4267-94E1-1E71E803B040}.Release|x64.Build.0 = Release|x64
		{18B49F0B-C441-4267-94E1-1E71E803B040}.Release|x86.ActiveCfg = Release|x64
		{117290A3-4A22-4C58-9AC0-ED1C8EFA49E3}.Debug|x64.ActiveCfg = Debug|x64
		{117290A3-4A22-4C58-9AC0-ED1C8EFA49E3}.Debug|x64.Build.0 = Debug|x64
		{117290A3-4A22-4C58-9AC0-ED1C8EFA49E3}.Debug|x86.ActiveCfg = Debug|x64
		{117290A3-4A22-4C58-9AC0-ED1C8EFA49E3}.DebugTool|x64.ActiveCfg = Debug|x64
		{117290A3-4A22-4C58-9AC0-ED1C8EFA49E3}.DebugTool|x64.Build.0 = Debug|x64
		{117290A3-4A22-4C58-9AC0-ED1C8EFA49E3}.DebugTool|x86.ActiveCfg = Release|x64
		{117290A3-4A22-4C58-9AC0-ED1C8EFA49E3}.DebugTool|x86.Build.0 = Release|x64
		{117290A3-4A22-4C58-9AC0-ED1C8EFA49E3}.Release|x64.ActiveCfg = Release|x64
		{117290A3-4A22-4C58-9AC0-ED1C8EFA49E3}.Release|x64.Build.0 = Release|x64
		{117290A3-4A22-4C58-9AC0-ED1C8EFA49E3}.Release|x86.ActiveCfg = Release|x64
		{90D02E7A-709A-449B-B4E9-647CE45D7F07}.Debug|x64.ActiveCfg = Debug|x64
		{90D02E7A-709A-449B-B4E9-647CE45D7F07}.Debug|x64.Build.0 = Debug|x64
		{90D02E7A-709A-449B-B4E9-647CE45D7F07}.Debug|x86.ActiveCfg = Debug|x64
		{90D02E7A-709A-449B-B4E9-647CE45D7F07}.DebugTool|x64.ActiveCfg = Debug|x64
		{90D02E7A-709A-449B-B4E9-647CE45D7F07}.DebugTool|x86.ActiveCfg = Release|x64
		{90D02E7A-709A-449B-B4E9-647CE45D7F07}.DebugTool|x86.Build.0 = Release|x64
		{90D02E7A-709A-449B-B4E9-647CE45D7F07}.Release|x64.ActiveCfg = Release|x64
		{90D02E7A-709A-449B-B4E9-647CE45D7F07}.Release|x64.Build.0 = Release|x64
		{90D02E7A-709A-449B-B4E9-647CE45D7F07}.Release|x86.ActiveCfg = Release|x64
		{492E3CD2-C843-46BC-87B3-048B85E35866}.Debug|x64.ActiveCfg = Debug|x64
		{492E3CD2-C843-46BC-87B3-048B85E35866}.Debug|x64.Build.0 = Debug|x64
		{492E3CD2-C843-46BC-87B3-048B85E35866}.Debug|x86.ActiveCfg = Debug|x64
		{492E3CD2-C843-46BC-87B3-048B85E35866}.DebugTool|x64.ActiveCfg = Debug|x64
		{492E3CD2-C843-46BC-87B3-048B85E35866}.DebugTool|x86.ActiveCfg = Release|x64
		{492E3CD2-C843-46BC-87B3-048B85E35866}.DebugTool|x86.Build.0 = Release|x64
		{492E3CD2-C843-46BC-87B3-048B85E35866}.Release|x64.ActiveCfg = Release|x64
		{492E3CD2-C843-46BC-87B3-048B85E35866}.Release|x64.Build.0 = Release|x64
		{492E3CD2-C843-46BC-87B3-048B85E35866}.Release|x86.ActiveCfg = Release|x64
		{6A836590-4D80-4A33-947D-702BE7147A02}.Debug|x64.ActiveCfg = Debug|x64
		{6A836590-4D80-4A33-947D-702BE7147A02}.Debug|x64.Build.0 = Debug|x64
		{6A836590-4D80-4A33-947D-702BE7147A02}.Debug|x86.ActiveCfg = Debug|x64
		{6A836590-4D80-4A33-947D-702BE7147A02}.DebugTool|x64.ActiveCfg = Debug|x64
		{6A836590-4D80-4A33-947D-702BE7147A02}.DebugTool|x86.ActiveCfg = Release|x64
		{6A836590-4D80-4A33-947D-702BE7147A02}.DebugTool|x86.Build.0 = Release|x64
		{6A836590-4D80-4A33-947D-702BE7147A02}.Release|x64.ActiveCfg = Release|x64
		{6A836590-4D80-4A33-947D-702BE7147A02}.Release|x64.Build.0 = Release|x64
		{6A836590-4D80-4A33-947D-702BE7147A02}.Release|x86.ActiveCfg = Release|x64
		{5A1545E2-B111-442D-880C-8C86869270B4}.Debug|x64.ActiveCfg = Debug|x64
		{5A1545E2-B111-442D-880C-8C86869270B4}.Debug|x64.Build.0 = Debug|x64
		{5A1545E2-B111-442D-880C-8C86869270B4}.Debug|x86.ActiveCfg = Debug|x64
		{5A1545E2-B111-442D-880C-8C86869270B4}.DebugTool|x64.ActiveCfg = Debug|x64
		{5A1545E2-B111-442D-880C-8C86869270B4}.DebugTool|x64.Build.0 = Debug|x64
		{5A1545E2-B111-442D-880C-8C86869270B4}.DebugTool|x86.ActiveCfg = Release|x64
		{5A1545E2-B111-442D-880C-8C86869270B4}.DebugTool|x86.Build.0 = Release|x64
		{5A1545E2-B111-442D-880C-8C86869270B4}.Release|x64.ActiveCfg = Release|x64
		{5A1545E2-B111-442D-880C-8C86869270B4}.Release|x64.Build.0 = Release|x64
		{5A1545E2-B111-442D-880C-8C86869270B4}.Release|x86.ActiveCfg = Release|x64
		{753F2519-5524-4CDB-80C9-EF9F6B5AEEFF}.Debug|x64.ActiveCfg = Debug|x64
		{753F2519-5524-4CDB-80C9-EF9F6B5AEEFF}.Debug|x64.Build.0 = Debug|x64
		{753F2519-5524-4CDB-80C9-EF9F6B5AEEFF}.Debug|x86.ActiveCfg = Debug|x64
		{753F2519-5524-4CDB-80C9-EF9F6B5AEEFF}.DebugTool|x64.ActiveCfg = Debug|x64
		{753F2519-5524-4CDB-80C9-EF9F6B5AEEFF}.DebugTool|x86.ActiveCfg = Release|x64
		{753F2519-5524-4CDB-80C9-EF9F6B5AEEFF}.DebugTool|x86.Build.0 = Release|x64
		{753F2519-5524-4CDB-80C9-EF9F6B5AEEFF}.Release|x64.ActiveCfg = Release|x64
		{753F2519-5524-4CDB-80C9-EF9F6B5AEEFF}.Release|x64.Build.0 = Release|x64
		{753F2519-5524-4CDB-80C9-EF9F6B5AEEFF}.Release|x86.ActiveCfg = Release|x64
		{4E8C69E9-84D0-45B1-BEBD-0D5BF7412255}.Debug|x64.ActiveCfg = Debug|x64
		{4E8C69E9-84D0-45B1-BEBD-0D5BF7412255}.Debug|x64.Build.0 = Debug|x64
		{4E8C69E9-84D0-45B1-BEBD-0D5BF7412255}.Debug|x86.ActiveCfg = Debug|x64
		{4E8C69E9-84D0-45B1-BEBD-0D5BF7412255}.DebugTool|x64.ActiveCfg = Debug|x64
		{4E8C69E9-84D0-45B1-BEBD-0D5BF7412255}.DebugTool|x86.ActiveCfg = Release|x64
		{4E8C69E9-84D0-45B1-BEBD-0D5BF7412255}.DebugTool|x86.Build.0 = Release|x64
		{4E8C69E9-84D0-45B1-BEBD-0D5BF7412255}.Release|x64.ActiveCfg = Release|x64
		{4E8C69E9-84D0-45B1-BEBD-0D5BF7412255}.Release|x64.Build.0 = Release|x64
		{4E8C69E9-84D0-45B1-BEBD-0D5BF7412255}.Release|x86.ActiveCfg = Release|x64
		{5146D804-4A7F-442F-9085-5ADC06BF9769}.Debug|x64.ActiveCfg = Debug|x64
		{5146D804-4A7F-442F-9085-5ADC06BF9769}.Debug|x64.Build.0 = Debug|x64
		{5146D804-4A7F-442F-9085-5ADC06BF9769}.Debug|x86.ActiveCfg = Debug|x64
		{5146D804-4A7F-442F-9085-5ADC06BF9769}.DebugTool|x64.ActiveCfg = Debug|x64
		{5146D804-4A7F-442F-9085-5ADC06BF9769}.DebugTool|x64.Build.0 = Debug|x64
		{5146D804-4A7F-442F-9085-5ADC06BF9769}.DebugTool|x86.ActiveCfg = Release|x64
		{5146D804-4A7F-442F-9085-5ADC06BF9769}.DebugTool|x86.Build.0 = Release|x64
		{5146D804-4A7F-442F-9085-5ADC06BF9769}.Release|x64.ActiveCfg = Release|x64
		{5146D804-4A7F-442F-9085-5ADC06BF9769}.Release|x64.Build.0 = Release|x64
		{5146D804-4A7F-442F-9085-5ADC06BF9769}.Release|x86.ActiveCfg = Release|x64
		{0EBF648F-CB37-414F-89C5-0D73BCD6ADDE}.Debug|x64.ActiveCfg = DebugLib|x64
		{0EBF648F-CB37-414F-89C5-0D73BCD6ADDE}.Debug|x86.ActiveCfg = ReleaseLib|x64
		{0EBF648F-CB37-414F-89C5-0D73BCD6ADDE}.Debug|x86.Build.0 = ReleaseLib|x64
		{0EBF648F-CB37-414F-89C5-0D73BCD6ADDE}.DebugTool|x64.ActiveCfg = DebugLib|x64
		{0EBF648F-CB37-414F-89C5-0D73BCD6ADDE}.DebugTool|x64.Build.0 = DebugLib|x64
		{0EBF648F-CB37-414F-89C5-0D73BCD6ADDE}.DebugTool|x86.ActiveCfg = ReleaseLib|x64
		{0EBF648F-CB37-414F-89C5-0D73BCD6ADDE}.DebugTool|x86.Build.0 = ReleaseLib|x64
		{0EBF648F-CB37-414F-89C5-0D73BCD6ADDE}.Release|x64.ActiveCfg = ReleaseLib|x64
		{0EBF648F-CB37-414F-89C5-0D73BCD6ADDE}.Release|x86.ActiveCfg = ReleaseLib|x64
		{0EBF648F-CB37-414F-89C5-0D73BCD6ADDE}.Release|x86.Build.0 = ReleaseLib|x64
		{64AD7F4F-6677-49CA-8632-18E89E4DFDF0}.Debug|x64.ActiveCfg = Debug|x64
		{64AD7F4F-6677-49CA-8632-18E89E4DFDF0}.Debug|x64.Build.0 = Debug|x64
		{64AD7F4F-6677-49CA-8632-18E89E4DFDF0}.Debug|x86.ActiveCfg = Debug|x64
		{64AD7F4F-6677-49CA-8632-18E89E4DFDF0}.DebugTool|x64.ActiveCfg = Debug|x64
		{64AD7F4F-6677-49CA-8632-18E89E4DFDF0}.DebugTool|x64.Build.0 = Debug|x64
		{64AD7F4F-6677-49CA-8632-18E89E4DFDF0}.DebugTool|x86.ActiveCfg = Release|x64
		{64AD7F4F-6677-49CA-8632-18E89E4DFDF0}.DebugTool|x86.Build.0 = Release|x64
		{64AD7F4F-6677-49CA-8632-18E89E4DFDF0}.Release|x64.ActiveCfg = Release|x64
		{64AD7F4F-6677-49CA-8632-18E89E4DFDF0}.Release|x86.ActiveCfg = Release|x64
		{B825D183-8D6D-42C7-85A2-B9F0E96C3259}.Debug|x64.ActiveCfg = Debug|x64
		{B825D183-8D6D-42C7-85A2-B9F0E96C3259}.Debug|x64.Build.0 = Debug|x64
		{B825D183-8D6D-42C7-85A2-B9F0E96C3259}.Debug|x86.ActiveCfg = Debug|x64
		{B825D183-8D6D-42C7-85A2-B9F0E96C3259}.DebugTool|x64.ActiveCfg = Debug|x64
		{B825D183-8D6D-42C7-85A2-B9F0E96C3259}.DebugTool|x64.Build.0 = Debug|x64
		{B825D183-8D6D-42C7-85A2-B9F0E96C3259}.DebugTool|x86.ActiveCfg = Release|x64
		{B825D183-8D6D-42C7-85A2-B9F0E96C3259}.DebugTool|x86.Build.0 = Release|x64
		{B825D183-8D6D-42C7-85A2-B9F0E96C3259}.Release|x64.ActiveCfg = Release|x64
		{B825D183-8D6D-42C7-85A2-B9F0E96C3259}.Release|x64.Build.0 = Release|x64
		{B825D183-8D6D-42C7-85A2-B9F0E96C3259}.Release|x86.ActiveCfg = Release|x64
	EndGlobalSection
	GlobalSection(SolutionProperties) = preSolution
		HideSolutionNode = FALSE
	EndGlobalSection
	GlobalSection(NestedProjects) = preSolution
		{C72DED4C-E82A-4E26-B7A8-715F4747CCEC} = {0478E3A3-2964-4CBA-9E58-3ABF4BE56BB5}
		{02EAB815-4288-477B-A47D-982EB8A15C1F} = {0478E3A3-2964-4CBA-9E58-3ABF4BE56BB5}
		{18B49F0B-C441-4267-94E1-1E71E803B040} = {B7E1E07F-7431-4C42-B994-C5B0E3182C80}
		{117290A3-4A22-4C58-9AC0-ED1C8EFA49E3} = {0478E3A3-2964-4CBA-9E58-3ABF4BE56BB5}
		{90D02E7A-709A-449B-B4E9-647CE45D7F07} = {4675F3D5-7A5B-4EA0-ACBB-C7E9B0BFA367}
		{492E3CD2-C843-46BC-87B3-048B85E35866} = {B7E1E07F-7431-4C42-B994-C5B0E3182C80}
		{6A836590-4D80-4A33-947D-702BE7147A02} = {B7E1E07F-7431-4C42-B994-C5B0E3182C80}
		{5A1545E2-B111-442D-880C-8C86869270B4} = {0478E3A3-2964-4CBA-9E58-3ABF4BE56BB5}
		{753F2519-5524-4CDB-80C9-EF9F6B5AEEFF} = {4675F3D5-7A5B-4EA0-ACBB-C7E9B0BFA367}
		{4E8C69E9-84D0-45B1-BEBD-0D5BF7412255} = {4675F3D5-7A5B-4EA0-ACBB-C7E9B0BFA367}
		{5146D804-4A7F-442F-9085-5ADC06BF9769} = {0478E3A3-2964-4CBA-9E58-3ABF4BE56BB5}
		{0EBF648F-CB37-414F-89C5-0D73BCD6ADDE} = {B7E1E07F-7431-4C42-B994-C5B0E3182C80}
		{64AD7F4F-6677-49CA-8632-18E89E4DFDF0} = {B7E1E07F-7431-4C42-B994-C5B0E3182C80}
		{B825D183-8D6D-42C7-85A2-B9F0E96C3259} = {003D57C0-1648-4695-B5FC-16BDF0A2CBA9}
	EndGlobalSection
EndGlobal
