
Microsoft Visual Studio Solution File, Format Version 12.00
# Visual Studio 14
VisualStudioVersion = 14.0.25420.1
MinimumVisualStudioVersion = 10.0.40219.1
Project("{8BC9CEB8-8B4A-11D0-8D11-00A0C91BC942}") = "demo", "code\demo\demo.vcxproj", "{5F629FF1-027F-46DE-9FD9-FFB264626895}"
	ProjectSection(ProjectDependencies) = postProject
		{752EE42B-6767-4D1C-8CE2-227E00965D51} = {752EE42B-6767-4D1C-8CE2-227E00965D51}
	EndProjectSection
EndProject
Project("{8BC9CEB8-8B4A-11D0-8D11-00A0C91BC942}") = "util", "code\util\util.vcxproj", "{C72DED4C-E82A-4E26-B7A8-715F4747CCEC}"
EndProject
Project("{8BC9CEB8-8B4A-11D0-8D11-00A0C91BC942}") = "system", "code\system\system.vcxproj", "{02EAB815-4288-477B-A47D-982EB8A15C1F}"
EndProject
Project("{8BC9CEB8-8B4A-11D0-8D11-00A0C91BC942}") = "gdi", "code\gdi\gdi.vcxproj", "{6C37BB51-ECAB-42A3-8EB3-30E45503B92D}"
EndProject
Project("{2150E333-8FDC-42A3-9474-1A3956D46DE8}") = "tools", "tools", "{B7E1E07F-7431-4C42-B994-C5B0E3182C80}"
EndProject
Project("{8BC9CEB8-8B4A-11D0-8D11-00A0C91BC942}") = "fx_compiler", "code\tools\fx_compiler\fx_compiler.vcxproj", "{18B49F0B-C441-4267-94E1-1E71E803B040}"
EndProject
Project("{8BC9CEB8-8B4A-11D0-8D11-00A0C91BC942}") = "resource_manager", "code\resource_manager\resource_manager.vcxproj", "{117290A3-4A22-4C58-9AC0-ED1C8EFA49E3}"
EndProject
Project("{8BC9CEB8-8B4A-11D0-8D11-00A0C91BC942}") = "hlsl", "code\shaders\hlsl\hlsl.vcxproj", "{752EE42B-6767-4D1C-8CE2-227E00965D51}"
EndProject
Project("{8BC9CEB8-8B4A-11D0-8D11-00A0C91BC942}") = "gfx", "code\gfx\gfx.vcxproj", "{F3B3BC37-9AAA-4B41-AF4E-144C1317F283}"
EndProject
Project("{2150E333-8FDC-42A3-9474-1A3956D46DE8}") = "shaders", "shaders", "{003D57C0-1648-4695-B5FC-16BDF0A2CBA9}"
EndProject
Project("{8BC9CEB8-8B4A-11D0-8D11-00A0C91BC942}") = "demoRT", "code\demoRT\demoRT.vcxproj", "{90D02E7A-709A-449B-B4E9-647CE45D7F07}"
EndProject
Project("{8BC9CEB8-8B4A-11D0-8D11-00A0C91BC942}") = "lua", "code\tools\lua\lua.vcxproj", "{492E3CD2-C843-46BC-87B3-048B85E35866}"
EndProject
Project("{8BC9CEB8-8B4A-11D0-8D11-00A0C91BC942}") = "voxel", "code\voxel\voxel.vcxproj", "{449B4222-E0A4-43C3-8C49-D55CA856E420}"
EndProject
Project("{8BC9CEB8-8B4A-11D0-8D11-00A0C91BC942}") = "demo_voxel", "code\demo_voxel\demo_voxel.vcxproj", "{EE5FE887-5D56-4693-8C38-87422EDA9DBF}"
	ProjectSection(ProjectDependencies) = postProject
		{2F15F600-6DDA-4BEB-A95F-EAB6ABCD71BC} = {2F15F600-6DDA-4BEB-A95F-EAB6ABCD71BC}
		{752EE42B-6767-4D1C-8CE2-227E00965D51} = {752EE42B-6767-4D1C-8CE2-227E00965D51}
	EndProjectSection
EndProject
Project("{8BC9CEB8-8B4A-11D0-8D11-00A0C91BC942}") = "engine", "code\engine\engine.vcxproj", "{B8C282A6-C75B-40D0-A85D-461B0893E8A7}"
EndProject
Project("{8BC9CEB8-8B4A-11D0-8D11-00A0C91BC942}") = "remotery", "code\tools\remotery\remotery.vcxproj", "{6A836590-4D80-4A33-947D-702BE7147A02}"
EndProject
Project("{8BC9CEB8-8B4A-11D0-8D11-00A0C91BC942}") = "anim", "code\anim\anim.vcxproj", "{5A1545E2-B111-442D-880C-8C86869270B4}"
EndProject
Project("{8BC9CEB8-8B4A-11D0-8D11-00A0C91BC942}") = "demo_ninja", "code\demo_ninja\demo_ninja.vcxproj", "{5E5FCEDA-3F84-44BC-B236-D096CC6044D8}"
EndProject
Project("{8BC9CEB8-8B4A-11D0-8D11-00A0C91BC942}") = "demo_tjdb", "code\demo_tjdb\demo_tjdb.vcxproj", "{753F2519-5524-4CDB-80C9-EF9F6B5AEEFF}"
EndProject
Project("{8BC9CEB8-8B4A-11D0-8D11-00A0C91BC942}") = "phx", "code\phx\phx.vcxproj", "{2F15F600-6DDA-4BEB-A95F-EAB6ABCD71BC}"
EndProject
Project("{8BC9CEB8-8B4A-11D0-8D11-00A0C91BC942}") = "demo_chaos", "code\demo_chaos\demo_chaos.vcxproj", "{4E8C69E9-84D0-45B1-BEBD-0D5BF7412255}"
EndProject
Project("{8BC9CEB8-8B4A-11D0-8D11-00A0C91BC942}") = "rdi", "code\rdi\rdi.vcxproj", "{5146D804-4A7F-442F-9085-5ADC06BF9769}"
EndProject
Project("{8BC9CEB8-8B4A-11D0-8D11-00A0C91BC942}") = "shader_compiler", "code\tools\shader_compiler\shader_compiler.vcxproj", "{0EBF648F-CB37-414F-89C5-0D73BCD6ADDE}"
EndProject
Project("{8BC9CEB8-8B4A-11D0-8D11-00A0C91BC942}") = "tool", "code\tools\tool\tool.vcxproj", "{64AD7F4F-6677-49CA-8632-18E89E4DFDF0}"
EndProject
Project("{8BC9CEB8-8B4A-11D0-8D11-00A0C91BC942}") = "shaders", "code\shaders\shaders\shaders.vcxproj", "{B825D183-8D6D-42C7-85A2-B9F0E96C3259}"
EndProject
Global
	GlobalSection(SolutionConfigurationPlatforms) = preSolution
		Debug|x64 = Debug|x64
		Debug|x86 = Debug|x86
		DebugTool|x64 = DebugTool|x64
		DebugTool|x86 = DebugTool|x86
		Release|x64 = Release|x64
		Release|x86 = Release|x86
	EndGlobalSection
	GlobalSection(ProjectConfigurationPlatforms) = postSolution
		{5F629FF1-027F-46DE-9FD9-FFB264626895}.Debug|x64.ActiveCfg = Debug|x64
		{5F629FF1-027F-46DE-9FD9-FFB264626895}.Debug|x64.Build.0 = Debug|x64
		{5F629FF1-027F-46DE-9FD9-FFB264626895}.Debug|x86.ActiveCfg = Debug|x64
		{5F629FF1-027F-46DE-9FD9-FFB264626895}.DebugTool|x64.ActiveCfg = Debug|x64
		{5F629FF1-027F-46DE-9FD9-FFB264626895}.DebugTool|x86.ActiveCfg = Release|x64
		{5F629FF1-027F-46DE-9FD9-FFB264626895}.DebugTool|x86.Build.0 = Release|x64
		{5F629FF1-027F-46DE-9FD9-FFB264626895}.Release|x64.ActiveCfg = Release|x64
		{5F629FF1-027F-46DE-9FD9-FFB264626895}.Release|x64.Build.0 = Release|x64
		{5F629FF1-027F-46DE-9FD9-FFB264626895}.Release|x86.ActiveCfg = Release|x64
		{C72DED4C-E82A-4E26-B7A8-715F4747CCEC}.Debug|x64.ActiveCfg = Debug|x64
		{C72DED4C-E82A-4E26-B7A8-715F4747CCEC}.Debug|x64.Build.0 = Debug|x64
		{C72DED4C-E82A-4E26-B7A8-715F4747CCEC}.Debug|x86.ActiveCfg = Debug|x64
		{C72DED4C-E82A-4E26-B7A8-715F4747CCEC}.DebugTool|x64.ActiveCfg = Debug|x64
		{C72DED4C-E82A-4E26-B7A8-715F4747CCEC}.DebugTool|x64.Build.0 = Debug|x64
		{C72DED4C-E82A-4E26-B7A8-715F4747CCEC}.DebugTool|x86.ActiveCfg = Release|x64
		{C72DED4C-E82A-4E26-B7A8-715F4747CCEC}.DebugTool|x86.Build.0 = Release|x64
		{C72DED4C-E82A-4E26-B7A8-715F4747CCEC}.Release|x64.ActiveCfg = Release|x64
		{C72DED4C-E82A-4E26-B7A8-715F4747CCEC}.Release|x64.Build.0 = Release|x64
		{C72DED4C-E82A-4E26-B7A8-715F4747CCEC}.Release|x86.ActiveCfg = Release|x64
		{02EAB815-4288-477B-A47D-982EB8A15C1F}.Debug|x64.ActiveCfg = Debug|x64
		{02EAB815-4288-477B-A47D-982EB8A15C1F}.Debug|x64.Build.0 = Debug|x64
		{02EAB815-4288-477B-A47D-982EB8A15C1F}.Debug|x86.ActiveCfg = Debug|x64
		{02EAB815-4288-477B-A47D-982EB8A15C1F}.DebugTool|x64.ActiveCfg = Debug|x64
		{02EAB815-4288-477B-A47D-982EB8A15C1F}.DebugTool|x64.Build.0 = Debug|x64
		{02EAB815-4288-477B-A47D-982EB8A15C1F}.DebugTool|x86.ActiveCfg = Release|x64
		{02EAB815-4288-477B-A47D-982EB8A15C1F}.DebugTool|x86.Build.0 = Release|x64
		{02EAB815-4288-477B-A47D-982EB8A15C1F}.Release|x64.ActiveCfg = Release|x64
		{02EAB815-4288-477B-A47D-982EB8A15C1F}.Release|x64.Build.0 = Release|x64
		{02EAB815-4288-477B-A47D-982EB8A15C1F}.Release|x86.ActiveCfg = Release|x64
		{6C37BB51-ECAB-42A3-8EB3-30E45503B92D}.Debug|x64.ActiveCfg = Debug|x64
		{6C37BB51-ECAB-42A3-8EB3-30E45503B92D}.Debug|x64.Build.0 = Debug|x64
		{6C37BB51-ECAB-42A3-8EB3-30E45503B92D}.Debug|x86.ActiveCfg = Debug|x64
		{6C37BB51-ECAB-42A3-8EB3-30E45503B92D}.DebugTool|x64.ActiveCfg = Debug|x64
		{6C37BB51-ECAB-42A3-8EB3-30E45503B92D}.DebugTool|x86.ActiveCfg = Release|x64
		{6C37BB51-ECAB-42A3-8EB3-30E45503B92D}.DebugTool|x86.Build.0 = Release|x64
		{6C37BB51-ECAB-42A3-8EB3-30E45503B92D}.Release|x64.ActiveCfg = Release|x64
		{6C37BB51-ECAB-42A3-8EB3-30E45503B92D}.Release|x64.Build.0 = Release|x64
		{6C37BB51-ECAB-42A3-8EB3-30E45503B92D}.Release|x86.ActiveCfg = Release|x64
		{18B49F0B-C441-4267-94E1-1E71E803B040}.Debug|x64.ActiveCfg = Debug|x64
		{18B49F0B-C441-4267-94E1-1E71E803B040}.Debug|x64.Build.0 = Debug|x64
		{18B49F0B-C441-4267-94E1-1E71E803B040}.Debug|x86.ActiveCfg = Debug|x64
		{18B49F0B-C441-4267-94E1-1E71E803B040}.DebugTool|x64.ActiveCfg = Debug|x64
		{18B49F0B-C441-4267-94E1-1E71E803B040}.DebugTool|x64.Build.0 = Debug|x64
		{18B49F0B-C441-4267-94E1-1E71E803B040}.DebugTool|x86.ActiveCfg = Release|x64
		{18B49F0B-C441-4267-94E1-1E71E803B040}.DebugTool|x86.Build.0 = Release|x64
		{18B49F0B-C441-4267-94E1-1E71E803B040}.Release|x64.ActiveCfg = Release|x64
		{18B49F0B-C441-4267-94E1-1E71E803B040}.Release|x64.Build.0 = Release|x64
		{18B49F0B-C441-4267-94E1-1E71E803B040}.Release|x86.ActiveCfg = Release|x64
		{117290A3-4A22-4C58-9AC0-ED1C8EFA49E3}.Debug|x64.ActiveCfg = Debug|x64
		{117290A3-4A22-4C58-9AC0-ED1C8EFA49E3}.Debug|x64.Build.0 = Debug|x64
		{117290A3-4A22-4C58-9AC0-ED1C8EFA49E3}.Debug|x86.ActiveCfg = Debug|x64
		{117290A3-4A22-4C58-9AC0-ED1C8EFA49E3}.DebugTool|x64.ActiveCfg = Debug|x64
		{117290A3-4A22-4C58-9AC0-ED1C8EFA49E3}.DebugTool|x64.Build.0 = Debug|x64
		{117290A3-4A22-4C58-9AC0-ED1C8EFA49E3}.DebugTool|x86.ActiveCfg = Release|x64
		{117290A3-4A22-4C58-9AC0-ED1C8EFA49E3}.DebugTool|x86.Build.0 = Release|x64
		{117290A3-4A22-4C58-9AC0-ED1C8EFA49E3}.Release|x64.ActiveCfg = Release|x64
		{117290A3-4A22-4C58-9AC0-ED1C8EFA49E3}.Release|x64.Build.0 = Release|x64
		{117290A3-4A22-4C58-9AC0-ED1C8EFA49E3}.Release|x86.ActiveCfg = Release|x64
		{752EE42B-6767-4D1C-8CE2-227E00965D51}.Debug|x64.ActiveCfg = Debug|x64
		{752EE42B-6767-4D1C-8CE2-227E00965D51}.Debug|x64.Build.0 = Debug|x64
		{752EE42B-6767-4D1C-8CE2-227E00965D51}.Debug|x86.ActiveCfg = Debug|x64
		{752EE42B-6767-4D1C-8CE2-227E00965D51}.DebugTool|x64.ActiveCfg = Debug|x64
		{752EE42B-6767-4D1C-8CE2-227E00965D51}.DebugTool|x86.ActiveCfg = Release|x64
		{752EE42B-6767-4D1C-8CE2-227E00965D51}.DebugTool|x86.Build.0 = Release|x64
		{752EE42B-6767-4D1C-8CE2-227E00965D51}.Release|x64.ActiveCfg = Release|x64
		{752EE42B-6767-4D1C-8CE2-227E00965D51}.Release|x64.Build.0 = Release|x64
		{752EE42B-6767-4D1C-8CE2-227E00965D51}.Release|x86.ActiveCfg = Release|x64
		{F3B3BC37-9AAA-4B41-AF4E-144C1317F283}.Debug|x64.ActiveCfg = Debug|x64
		{F3B3BC37-9AAA-4B41-AF4E-144C1317F283}.Debug|x64.Build.0 = Debug|x64
		{F3B3BC37-9AAA-4B41-AF4E-144C1317F283}.Debug|x86.ActiveCfg = Debug|x64
		{F3B3BC37-9AAA-4B41-AF4E-144C1317F283}.DebugTool|x64.ActiveCfg = Debug|x64
		{F3B3BC37-9AAA-4B41-AF4E-144C1317F283}.DebugTool|x86.ActiveCfg = Release|x64
		{F3B3BC37-9AAA-4B41-AF4E-144C1317F283}.DebugTool|x86.Build.0 = Release|x64
		{F3B3BC37-9AAA-4B41-AF4E-144C1317F283}.Release|x64.ActiveCfg = Release|x64
		{F3B3BC37-9AAA-4B41-AF4E-144C1317F283}.Release|x64.Build.0 = Release|x64
		{F3B3BC37-9AAA-4B41-AF4E-144C1317F283}.Release|x86.ActiveCfg = Release|x64
		{90D02E7A-709A-449B-B4E9-647CE45D7F07}.Debug|x64.ActiveCfg = Debug|x64
		{90D02E7A-709A-449B-B4E9-647CE45D7F07}.Debug|x64.Build.0 = Debug|x64
		{90D02E7A-709A-449B-B4E9-647CE45D7F07}.Debug|x86.ActiveCfg = Debug|x64
		{90D02E7A-709A-449B-B4E9-647CE45D7F07}.DebugTool|x64.ActiveCfg = Debug|x64
		{90D02E7A-709A-449B-B4E9-647CE45D7F07}.DebugTool|x86.ActiveCfg = Release|x64
		{90D02E7A-709A-449B-B4E9-647CE45D7F07}.DebugTool|x86.Build.0 = Release|x64
		{90D02E7A-709A-449B-B4E9-647CE45D7F07}.Release|x64.ActiveCfg = Release|x64
		{90D02E7A-709A-449B-B4E9-647CE45D7F07}.Release|x64.Build.0 = Release|x64
		{90D02E7A-709A-449B-B4E9-647CE45D7F07}.Release|x86.ActiveCfg = Release|x64
		{492E3CD2-C843-46BC-87B3-048B85E35866}.Debug|x64.ActiveCfg = Debug|x64
		{492E3CD2-C843-46BC-87B3-048B85E35866}.Debug|x64.Build.0 = Debug|x64
		{492E3CD2-C843-46BC-87B3-048B85E35866}.Debug|x86.ActiveCfg = Debug|x64
		{492E3CD2-C843-46BC-87B3-048B85E35866}.DebugTool|x64.ActiveCfg = Debug|x64
		{492E3CD2-C843-46BC-87B3-048B85E35866}.DebugTool|x86.ActiveCfg = Release|x64
		{492E3CD2-C843-46BC-87B3-048B85E35866}.DebugTool|x86.Build.0 = Release|x64
		{492E3CD2-C843-46BC-87B3-048B85E35866}.Release|x64.ActiveCfg = Release|x64
		{492E3CD2-C843-46BC-87B3-048B85E35866}.Release|x64.Build.0 = Release|x64
		{492E3CD2-C843-46BC-87B3-048B85E35866}.Release|x86.ActiveCfg = Release|x64
		{449B4222-E0A4-43C3-8C49-D55CA856E420}.Debug|x64.ActiveCfg = Debug|x64
		{449B4222-E0A4-43C3-8C49-D55CA856E420}.Debug|x64.Build.0 = Debug|x64
		{449B4222-E0A4-43C3-8C49-D55CA856E420}.Debug|x86.ActiveCfg = Debug|x64
		{449B4222-E0A4-43C3-8C49-D55CA856E420}.DebugTool|x64.ActiveCfg = Debug|x64
		{449B4222-E0A4-43C3-8C49-D55CA856E420}.DebugTool|x86.ActiveCfg = Release|x64
		{449B4222-E0A4-43C3-8C49-D55CA856E420}.DebugTool|x86.Build.0 = Release|x64
		{449B4222-E0A4-43C3-8C49-D55CA856E420}.Release|x64.ActiveCfg = Release|x64
		{449B4222-E0A4-43C3-8C49-D55CA856E420}.Release|x64.Build.0 = Release|x64
		{449B4222-E0A4-43C3-8C49-D55CA856E420}.Release|x86.ActiveCfg = Release|x64
		{EE5FE887-5D56-4693-8C38-87422EDA9DBF}.Debug|x64.ActiveCfg = Debug|x64
		{EE5FE887-5D56-4693-8C38-87422EDA9DBF}.Debug|x64.Build.0 = Debug|x64
		{EE5FE887-5D56-4693-8C38-87422EDA9DBF}.Debug|x86.ActiveCfg = Debug|x64
		{EE5FE887-5D56-4693-8C38-87422EDA9DBF}.DebugTool|x64.ActiveCfg = Debug|x64
		{EE5FE887-5D56-4693-8C38-87422EDA9DBF}.DebugTool|x86.ActiveCfg = Release|x64
		{EE5FE887-5D56-4693-8C38-87422EDA9DBF}.DebugTool|x86.Build.0 = Release|x64
		{EE5FE887-5D56-4693-8C38-87422EDA9DBF}.Release|x64.ActiveCfg = Release|x64
		{EE5FE887-5D56-4693-8C38-87422EDA9DBF}.Release|x64.Build.0 = Release|x64
		{EE5FE887-5D56-4693-8C38-87422EDA9DBF}.Release|x86.ActiveCfg = Release|x64
		{B8C282A6-C75B-40D0-A85D-461B0893E8A7}.Debug|x64.ActiveCfg = Debug|x64
		{B8C282A6-C75B-40D0-A85D-461B0893E8A7}.Debug|x64.Build.0 = Debug|x64
		{B8C282A6-C75B-40D0-A85D-461B0893E8A7}.Debug|x86.ActiveCfg = Debug|x64
		{B8C282A6-C75B-40D0-A85D-461B0893E8A7}.DebugTool|x64.ActiveCfg = Debug|x64
		{B8C282A6-C75B-40D0-A85D-461B0893E8A7}.DebugTool|x64.Build.0 = Debug|x64
		{B8C282A6-C75B-40D0-A85D-461B0893E8A7}.DebugTool|x86.ActiveCfg = Release|x64
		{B8C282A6-C75B-40D0-A85D-461B0893E8A7}.DebugTool|x86.Build.0 = Release|x64
		{B8C282A6-C75B-40D0-A85D-461B0893E8A7}.Release|x64.ActiveCfg = Release|x64
		{B8C282A6-C75B-40D0-A85D-461B0893E8A7}.Release|x64.Build.0 = Release|x64
		{B8C282A6-C75B-40D0-A85D-461B0893E8A7}.Release|x86.ActiveCfg = Release|x64
		{6A836590-4D80-4A33-947D-702BE7147A02}.Debug|x64.ActiveCfg = Debug|x64
		{6A836590-4D80-4A33-947D-702BE7147A02}.Debug|x64.Build.0 = Debug|x64
		{6A836590-4D80-4A33-947D-702BE7147A02}.Debug|x86.ActiveCfg = Debug|x64
		{6A836590-4D80-4A33-947D-702BE7147A02}.DebugTool|x64.ActiveCfg = Debug|x64
		{6A836590-4D80-4A33-947D-702BE7147A02}.DebugTool|x86.ActiveCfg = Release|x64
		{6A836590-4D80-4A33-947D-702BE7147A02}.DebugTool|x86.Build.0 = Release|x64
		{6A836590-4D80-4A33-947D-702BE7147A02}.Release|x64.ActiveCfg = Release|x64
		{6A836590-4D80-4A33-947D-702BE7147A02}.Release|x64.Build.0 = Release|x64
		{6A836590-4D80-4A33-947D-702BE7147A02}.Release|x86.ActiveCfg = Release|x64
		{5A1545E2-B111-442D-880C-8C86869270B4}.Debug|x64.ActiveCfg = Debug|x64
		{5A1545E2-B111-442D-880C-8C86869270B4}.Debug|x64.Build.0 = Debug|x64
		{5A1545E2-B111-442D-880C-8C86869270B4}.Debug|x86.ActiveCfg = Debug|x64
		{5A1545E2-B111-442D-880C-8C86869270B4}.DebugTool|x64.ActiveCfg = Debug|x64
		{5A1545E2-B111-442D-880C-8C86869270B4}.DebugTool|x64.Build.0 = Debug|x64
		{5A1545E2-B111-442D-880C-8C86869270B4}.DebugTool|x86.ActiveCfg = Release|x64
		{5A1545E2-B111-442D-880C-8C86869270B4}.DebugTool|x86.Build.0 = Release|x64
		{5A1545E2-B111-442D-880C-8C86869270B4}.Release|x64.ActiveCfg = Release|x64
		{5A1545E2-B111-442D-880C-8C86869270B4}.Release|x64.Build.0 = Release|x64
		{5A1545E2-B111-442D-880C-8C86869270B4}.Release|x86.ActiveCfg = Release|x64
		{5E5FCEDA-3F84-44BC-B236-D096CC6044D8}.Debug|x64.ActiveCfg = Debug|x64
		{5E5FCEDA-3F84-44BC-B236-D096CC6044D8}.Debug|x64.Build.0 = Debug|x64
		{5E5FCEDA-3F84-44BC-B236-D096CC6044D8}.Debug|x86.ActiveCfg = Debug|x64
		{5E5FCEDA-3F84-44BC-B236-D096CC6044D8}.DebugTool|x64.ActiveCfg = Debug|x64
		{5E5FCEDA-3F84-44BC-B236-D096CC6044D8}.DebugTool|x86.ActiveCfg = Release|x64
		{5E5FCEDA-3F84-44BC-B236-D096CC6044D8}.DebugTool|x86.Build.0 = Release|x64
		{5E5FCEDA-3F84-44BC-B236-D096CC6044D8}.Release|x64.ActiveCfg = Release|x64
		{5E5FCEDA-3F84-44BC-B236-D096CC6044D8}.Release|x64.Build.0 = Release|x64
		{5E5FCEDA-3F84-44BC-B236-D096CC6044D8}.Release|x86.ActiveCfg = Release|x64
		{753F2519-5524-4CDB-80C9-EF9F6B5AEEFF}.Debug|x64.ActiveCfg = Debug|x64
		{753F2519-5524-4CDB-80C9-EF9F6B5AEEFF}.Debug|x64.Build.0 = Debug|x64
		{753F2519-5524-4CDB-80C9-EF9F6B5AEEFF}.Debug|x86.ActiveCfg = Debug|x64
		{753F2519-5524-4CDB-80C9-EF9F6B5AEEFF}.DebugTool|x64.ActiveCfg = Debug|x64
		{753F2519-5524-4CDB-80C9-EF9F6B5AEEFF}.DebugTool|x86.ActiveCfg = Release|x64
		{753F2519-5524-4CDB-80C9-EF9F6B5AEEFF}.DebugTool|x86.Build.0 = Release|x64
		{753F2519-5524-4CDB-80C9-EF9F6B5AEEFF}.Release|x64.ActiveCfg = Release|x64
		{753F2519-5524-4CDB-80C9-EF9F6B5AEEFF}.Release|x64.Build.0 = Release|x64
		{753F2519-5524-4CDB-80C9-EF9F6B5AEEFF}.Release|x86.ActiveCfg = Release|x64
		{2F15F600-6DDA-4BEB-A95F-EAB6ABCD71BC}.Debug|x64.ActiveCfg = Debug|x64
		{2F15F600-6DDA-4BEB-A95F-EAB6ABCD71BC}.Debug|x64.Build.0 = Debug|x64
		{2F15F600-6DDA-4BEB-A95F-EAB6ABCD71BC}.Debug|x86.ActiveCfg = Debug|x64
		{2F15F600-6DDA-4BEB-A95F-EAB6ABCD71BC}.DebugTool|x64.ActiveCfg = Debug|x64
		{2F15F600-6DDA-4BEB-A95F-EAB6ABCD71BC}.DebugTool|x86.ActiveCfg = Release|x64
		{2F15F600-6DDA-4BEB-A95F-EAB6ABCD71BC}.DebugTool|x86.Build.0 = Release|x64
		{2F15F600-6DDA-4BEB-A95F-EAB6ABCD71BC}.Release|x64.ActiveCfg = Release|x64
		{2F15F600-6DDA-4BEB-A95F-EAB6ABCD71BC}.Release|x64.Build.0 = Release|x64
		{2F15F600-6DDA-4BEB-A95F-EAB6ABCD71BC}.Release|x86.ActiveCfg = Release|x64
		{4E8C69E9-84D0-45B1-BEBD-0D5BF7412255}.Debug|x64.ActiveCfg = Debug|x64
		{4E8C69E9-84D0-45B1-BEBD-0D5BF7412255}.Debug|x64.Build.0 = Debug|x64
		{4E8C69E9-84D0-45B1-BEBD-0D5BF7412255}.Debug|x86.ActiveCfg = Debug|x64
		{4E8C69E9-84D0-45B1-BEBD-0D5BF7412255}.DebugTool|x64.ActiveCfg = Debug|x64
		{4E8C69E9-84D0-45B1-BEBD-0D5BF7412255}.DebugTool|x86.ActiveCfg = Release|x64
		{4E8C69E9-84D0-45B1-BEBD-0D5BF7412255}.DebugTool|x86.Build.0 = Release|x64
		{4E8C69E9-84D0-45B1-BEBD-0D5BF7412255}.Release|x64.ActiveCfg = Release|x64
		{4E8C69E9-84D0-45B1-BEBD-0D5BF7412255}.Release|x64.Build.0 = Release|x64
		{4E8C69E9-84D0-45B1-BEBD-0D5BF7412255}.Release|x86.ActiveCfg = Release|x64
		{5146D804-4A7F-442F-9085-5ADC06BF9769}.Debug|x64.ActiveCfg = Debug|x64
		{5146D804-4A7F-442F-9085-5ADC06BF9769}.Debug|x64.Build.0 = Debug|x64
		{5146D804-4A7F-442F-9085-5ADC06BF9769}.Debug|x86.ActiveCfg = Debug|x64
		{5146D804-4A7F-442F-9085-5ADC06BF9769}.DebugTool|x64.ActiveCfg = Debug|x64
		{5146D804-4A7F-442F-9085-5ADC06BF9769}.DebugTool|x64.Build.0 = Debug|x64
		{5146D804-4A7F-442F-9085-5ADC06BF9769}.DebugTool|x86.ActiveCfg = Release|x64
		{5146D804-4A7F-442F-9085-5ADC06BF9769}.DebugTool|x86.Build.0 = Release|x64
		{5146D804-4A7F-442F-9085-5ADC06BF9769}.Release|x64.ActiveCfg = Release|x64
		{5146D804-4A7F-442F-9085-5ADC06BF9769}.Release|x64.Build.0 = Release|x64
		{5146D804-4A7F-442F-9085-5ADC06BF9769}.Release|x86.ActiveCfg = Release|x64
		{0EBF648F-CB37-414F-89C5-0D73BCD6ADDE}.Debug|x64.ActiveCfg = DebugLib|x64
		{0EBF648F-CB37-414F-89C5-0D73BCD6ADDE}.Debug|x86.ActiveCfg = ReleaseLib|x64
		{0EBF648F-CB37-414F-89C5-0D73BCD6ADDE}.Debug|x86.Build.0 = ReleaseLib|x64
		{0EBF648F-CB37-414F-89C5-0D73BCD6ADDE}.DebugTool|x64.ActiveCfg = DebugLib|x64
		{0EBF648F-CB37-414F-89C5-0D73BCD6ADDE}.DebugTool|x64.Build.0 = DebugLib|x64
		{0EBF648F-CB37-414F-89C5-0D73BCD6ADDE}.DebugTool|x86.ActiveCfg = ReleaseLib|x64
		{0EBF648F-CB37-414F-89C5-0D73BCD6ADDE}.DebugTool|x86.Build.0 = ReleaseLib|x64
		{0EBF648F-CB37-414F-89C5-0D73BCD6ADDE}.Release|x64.ActiveCfg = ReleaseLib|x64
		{0EBF648F-CB37-414F-89C5-0D73BCD6ADDE}.Release|x86.ActiveCfg = ReleaseLib|x64
		{0EBF648F-CB37-414F-89C5-0D73BCD6ADDE}.Release|x86.Build.0 = ReleaseLib|x64
		{64AD7F4F-6677-49CA-8632-18E89E4DFDF0}.Debug|x64.ActiveCfg = Debug|x64
		{64AD7F4F-6677-49CA-8632-18E89E4DFDF0}.Debug|x64.Build.0 = Debug|x64
		{64AD7F4F-6677-49CA-8632-18E89E4DFDF0}.Debug|x86.ActiveCfg = Debug|x64
		{64AD7F4F-6677-49CA-8632-18E89E4DFDF0}.DebugTool|x64.ActiveCfg = Debug|x64
		{64AD7F4F-6677-49CA-8632-18E89E4DFDF0}.DebugTool|x64.Build.0 = Debug|x64
		{64AD7F4F-6677-49CA-8632-18E89E4DFDF0}.DebugTool|x86.ActiveCfg = Release|x64
		{64AD7F4F-6677-49CA-8632-18E89E4DFDF0}.DebugTool|x86.Build.0 = Release|x64
		{64AD7F4F-6677-49CA-8632-18E89E4DFDF0}.Release|x64.ActiveCfg = Release|x64
		{64AD7F4F-6677-49CA-8632-18E89E4DFDF0}.Release|x86.ActiveCfg = Release|x64
		{B825D183-8D6D-42C7-85A2-B9F0E96C3259}.Debug|x64.ActiveCfg = Debug|x64
		{B825D183-8D6D-42C7-85A2-B9F0E96C3259}.Debug|x64.Build.0 = Debug|x64
		{B825D183-8D6D-42C7-85A2-B9F0E96C3259}.Debug|x86.ActiveCfg = Debug|x64
		{B825D183-8D6D-42C7-85A2-B9F0E96C3259}.DebugTool|x64.ActiveCfg = Debug|x64
		{B825D183-8D6D-42C7-85A2-B9F0E96C3259}.DebugTool|x64.Build.0 = Debug|x64
		{B825D183-8D6D-42C7-85A2-B9F0E96C3259}.DebugTool|x86.ActiveCfg = Release|x64
		{B825D183-8D6D-42C7-85A2-B9F0E96C3259}.DebugTool|x86.Build.0 = Release|x64
		{B825D183-8D6D-42C7-85A2-B9F0E96C3259}.Release|x64.ActiveCfg = Release|x64
		{B825D183-8D6D-42C7-85A2-B9F0E96C3259}.Release|x64.Build.0 = Release|x64
		{B825D183-8D6D-42C7-85A2-B9F0E96C3259}.Release|x86.ActiveCfg = Release|x64
	EndGlobalSection
	GlobalSection(SolutionProperties) = preSolution
		HideSolutionNode = FALSE
	EndGlobalSection
	GlobalSection(NestedProjects) = preSolution
		{18B49F0B-C441-4267-94E1-1E71E803B040} = {B7E1E07F-7431-4C42-B994-C5B0E3182C80}
		{752EE42B-6767-4D1C-8CE2-227E00965D51} = {003D57C0-1648-4695-B5FC-16BDF0A2CBA9}
		{492E3CD2-C843-46BC-87B3-048B85E35866} = {B7E1E07F-7431-4C42-B994-C5B0E3182C80}
		{6A836590-4D80-4A33-947D-702BE7147A02} = {B7E1E07F-7431-4C42-B994-C5B0E3182C80}
		{0EBF648F-CB37-414F-89C5-0D73BCD6ADDE} = {B7E1E07F-7431-4C42-B994-C5B0E3182C80}
		{64AD7F4F-6677-49CA-8632-18E89E4DFDF0} = {B7E1E07F-7431-4C42-B994-C5B0E3182C80}
		{B825D183-8D6D-42C7-85A2-B9F0E96C3259} = {003D57C0-1648-4695-B5FC-16BDF0A2CBA9}
	EndGlobalSection
EndGlobal
